
Microsoft Visual Studio Solution File, Format Version 12.00
Project("{FAE04EC0-301F-11D3-BF4B-00C04F79EFBC}") = "WebApiTestLinux", "WebApiTestLinux\WebApiTestLinux.csproj", "{5ED6A013-1543-4958-A7C0-C9953528071E}"
EndProject
Global
	GlobalSection(SolutionConfigurationPlatforms) = preSolution
		Debug|Any CPU = Debug|Any CPU
		Release|Any CPU = Release|Any CPU
	EndGlobalSection
	GlobalSection(ProjectConfigurationPlatforms) = postSolution
		{5ED6A013-1543-4958-A7C0-C9953528071E}.Debug|Any CPU.ActiveCfg = Debug|Any CPU
		{5ED6A013-1543-4958-A7C0-C9953528071E}.Debug|Any CPU.Build.0 = Debug|Any CPU
		{5ED6A013-1543-4958-A7C0-C9953528071E}.Release|Any CPU.ActiveCfg = Release|Any CPU
		{5ED6A013-1543-4958-A7C0-C9953528071E}.Release|Any CPU.Build.0 = Release|Any CPU
	EndGlobalSection
EndGlobal
